
Microsoft Visual Studio Solution File, Format Version 12.00
# Visual Studio Version 17
VisualStudioVersion = 17.10.35027.167
MinimumVisualStudioVersion = 10.0.40219.1
Project("{FAE04EC0-301F-11D3-BF4B-00C04F79EFBC}") = "WindowsCtrlHub", "WindowsCtrlHub\WindowsCtrlHub.csproj", "{DE398EED-5800-41E1-90E3-BB92FD819854}"
EndProject
Project("{FAE04EC0-301F-11D3-BF4B-00C04F79EFBC}") = "A1", "A1\A1.csproj", "{C8901816-B4F9-458C-B1A3-76D6D6E71E80}"
EndProject
Project("{2150E333-8FDC-42A3-9474-1A3956D46DE8}") = "ConsoleApps", "ConsoleApps", "{655AAA62-0BD9-4617-BB4D-AA00BEA2AD77}"
EndProject
Project("{FAE04EC0-301F-11D3-BF4B-00C04F79EFBC}") = "A2", "A2\A2.csproj", "{B528284A-B64C-4067-834A-1AC78DA5A075}"
EndProject
Project("{FAE04EC0-301F-11D3-BF4B-00C04F79EFBC}") = "Common.Lib", "Common.Lib\Common.Lib.csproj", "{DCC4C55F-F355-4B5B-BA95-CE9620FD3268}"
EndProject
Global
	GlobalSection(SolutionConfigurationPlatforms) = preSolution
		Debug|Any CPU = Debug|Any CPU
		Release|Any CPU = Release|Any CPU
	EndGlobalSection
	GlobalSection(ProjectConfigurationPlatforms) = postSolution
		{DE398EED-5800-41E1-90E3-BB92FD819854}.Debug|Any CPU.ActiveCfg = Debug|Any CPU
		{DE398EED-5800-41E1-90E3-BB92FD819854}.Debug|Any CPU.Build.0 = Debug|Any CPU
		{DE398EED-5800-41E1-90E3-BB92FD819854}.Release|Any CPU.ActiveCfg = Release|Any CPU
		{DE398EED-5800-41E1-90E3-BB92FD819854}.Release|Any CPU.Build.0 = Release|Any CPU
		{C8901816-B4F9-458C-B1A3-76D6D6E71E80}.Debug|Any CPU.ActiveCfg = Debug|Any CPU
		{C8901816-B4F9-458C-B1A3-76D6D6E71E80}.Debug|Any CPU.Build.0 = Debug|Any CPU
		{C8901816-B4F9-458C-B1A3-76D6D6E71E80}.Release|Any CPU.ActiveCfg = Release|Any CPU
		{C8901816-B4F9-458C-B1A3-76D6D6E71E80}.Release|Any CPU.Build.0 = Release|Any CPU
		{B528284A-B64C-4067-834A-1AC78DA5A075}.Debug|Any CPU.ActiveCfg = Debug|Any CPU
		{B528284A-B64C-4067-834A-1AC78DA5A075}.Debug|Any CPU.Build.0 = Debug|Any CPU
		{B528284A-B64C-4067-834A-1AC78DA5A075}.Release|Any CPU.ActiveCfg = Release|Any CPU
		{B528284A-B64C-4067-834A-1AC78DA5A075}.Release|Any CPU.Build.0 = Release|Any CPU
		{DCC4C55F-F355-4B5B-BA95-CE9620FD3268}.Debug|Any CPU.ActiveCfg = Debug|Any CPU
		{DCC4C55F-F355-4B5B-BA95-CE9620FD3268}.Debug|Any CPU.Build.0 = Debug|Any CPU
		{DCC4C55F-F355-4B5B-BA95-CE9620FD3268}.Release|Any CPU.ActiveCfg = Release|Any CPU
		{DCC4C55F-F355-4B5B-BA95-CE9620FD3268}.Release|Any CPU.Build.0 = Release|Any CPU
	EndGlobalSection
	GlobalSection(SolutionProperties) = preSolution
		HideSolutionNode = FALSE
	EndGlobalSection
	GlobalSection(NestedProjects) = preSolution
		{C8901816-B4F9-458C-B1A3-76D6D6E71E80} = {655AAA62-0BD9-4617-BB4D-AA00BEA2AD77}
		{B528284A-B64C-4067-834A-1AC78DA5A075} = {655AAA62-0BD9-4617-BB4D-AA00BEA2AD77}
	EndGlobalSection
	GlobalSection(ExtensibilityGlobals) = postSolution
		SolutionGuid = {69559EBD-13A0-4585-A636-36EEB91F97C1}
	EndGlobalSection
EndGlobal
